
Microsoft Visual Studio Solution File, Format Version 12.00
# Visual Studio Version 17
VisualStudioVersion = 17.11.35312.102
MinimumVisualStudioVersion = 10.0.40219.1
Project("{FAE04EC0-301F-11D3-BF4B-00C04F79EFBC}") = "Expense Tracker", "Expense Tracker.csproj", "{F6786277-7499-4DAA-BB80-4F95E2E2F7BB}"
EndProject
Global
	GlobalSection(SolutionConfigurationPlatforms) = preSolution
		Debug|Any CPU = Debug|Any CPU
		Release|Any CPU = Release|Any CPU
	EndGlobalSection
	GlobalSection(ProjectConfigurationPlatforms) = postSolution
		{F6786277-7499-4DAA-BB80-4F95E2E2F7BB}.Debug|Any CPU.ActiveCfg = Debug|Any CPU
		{F6786277-7499-4DAA-BB80-4F95E2E2F7BB}.Debug|Any CPU.Build.0 = Debug|Any CPU
		{F6786277-7499-4DAA-BB80-4F95E2E2F7BB}.Release|Any CPU.ActiveCfg = Release|Any CPU
		{F6786277-7499-4DAA-BB80-4F95E2E2F7BB}.Release|Any CPU.Build.0 = Release|Any CPU
	EndGlobalSection
	GlobalSection(SolutionProperties) = preSolution
		HideSolutionNode = FALSE
	EndGlobalSection
	GlobalSection(ExtensibilityGlobals) = postSolution
		SolutionGuid = {8E3D2AA1-709A-4F87-A4D5-473C8AFE1684}
	EndGlobalSection
EndGlobal
